
Microsoft Visual Studio Solution File, Format Version 12.00
# Visual Studio 2015
Project("{FAE04EC0-301F-11D3-BF4B-00C04F79EFBC}") = "Sam's World.CSharp.Plugins", "Sam's World.CSharp.Plugins.csproj", "{0AA148BE-D00A-0E83-345C-D6483A0A2DA6}"
EndProject
Project("{FAE04EC0-301F-11D3-BF4B-00C04F79EFBC}") = "Sam's World.CSharp", "Sam's World.CSharp.csproj", "{07A3B269-C450-192C-6B29-FF95B3634DB8}"
EndProject
Project("{FAE04EC0-301F-11D3-BF4B-00C04F79EFBC}") = "Sam's World.CSharp.Editor.Plugins", "Sam's World.CSharp.Editor.Plugins.csproj", "{B6C80071-83C2-BFFF-C391-D20987B228C5}"
EndProject
Global
	GlobalSection(SolutionConfigurationPlatforms) = preSolution
		Debug|Any CPU = Debug|Any CPU
		Release|Any CPU = Release|Any CPU
	EndGlobalSection
	GlobalSection(ProjectConfigurationPlatforms) = postSolution
		{0AA148BE-D00A-0E83-345C-D6483A0A2DA6}.Debug|Any CPU.ActiveCfg = Debug|Any CPU
		{0AA148BE-D00A-0E83-345C-D6483A0A2DA6}.Debug|Any CPU.Build.0 = Debug|Any CPU
		{0AA148BE-D00A-0E83-345C-D6483A0A2DA6}.Release|Any CPU.ActiveCfg = Release|Any CPU
		{0AA148BE-D00A-0E83-345C-D6483A0A2DA6}.Release|Any CPU.Build.0 = Release|Any CPU
		{07A3B269-C450-192C-6B29-FF95B3634DB8}.Debug|Any CPU.ActiveCfg = Debug|Any CPU
		{07A3B269-C450-192C-6B29-FF95B3634DB8}.Debug|Any CPU.Build.0 = Debug|Any CPU
		{07A3B269-C450-192C-6B29-FF95B3634DB8}.Release|Any CPU.ActiveCfg = Release|Any CPU
		{07A3B269-C450-192C-6B29-FF95B3634DB8}.Release|Any CPU.Build.0 = Release|Any CPU
		{B6C80071-83C2-BFFF-C391-D20987B228C5}.Debug|Any CPU.ActiveCfg = Debug|Any CPU
		{B6C80071-83C2-BFFF-C391-D20987B228C5}.Debug|Any CPU.Build.0 = Debug|Any CPU
		{B6C80071-83C2-BFFF-C391-D20987B228C5}.Release|Any CPU.ActiveCfg = Release|Any CPU
		{B6C80071-83C2-BFFF-C391-D20987B228C5}.Release|Any CPU.Build.0 = Release|Any CPU
	EndGlobalSection
	GlobalSection(SolutionProperties) = preSolution
		HideSolutionNode = FALSE
	EndGlobalSection
EndGlobal
